speakeasyVersion: 1.618.1
sources:
    Squadcast:
        sourceNamespace: squadcast
        sourceRevisionDigest: sha256:73f36b59ffce313061c23064224020d7efc854f034008424d1bc138db2d65cc4
        sourceBlobDigest: sha256:f86f74fbf4c91ed8b76757a1738d9b08c27f28a952cd87c92e735fa7065a37af
        tags:
            - latest
            - 1.0.0
targets:
    squadcast-sdk:
        source: Squadcast
        sourceNamespace: squadcast
        sourceRevisionDigest: sha256:73f36b59ffce313061c23064224020d7efc854f034008424d1bc138db2d65cc4
        sourceBlobDigest: sha256:f86f74fbf4c91ed8b76757a1738d9b08c27f28a952cd87c92e735fa7065a37af
        codeSamplesNamespace: squadcast-typescript-typescript-code-samples
        codeSamplesRevisionDigest: sha256:34cbca78552c95fe3a34e4d4c4da242e900ebfeff31ff05ba7e8ac9364965862
workflow:
    workflowVersion: 1.0.0
    speakeasyVersion: latest
    sources:
        Squadcast:
            inputs:
                - location: https://raw.githubusercontent.com/solarwinds-cloud/sq-squadcast-public-api-docs/main/build/openapi3/openapi.json
                  authHeader: Authorization
                  authSecret: $openapi_doc_auth_token
            overlays:
                - location: .speakeasy/overlay.openapi.yaml
            output: .speakeasy/out.openapi.yaml
            registry:
                location: registry.speakeasyapi.dev/swo/incident-response/squadcast
    targets:
        squadcast-sdk:
            target: typescript
            source: Squadcast
            output: squadcastv1
            codeSamples:
                registry:
                    location: registry.speakeasyapi.dev/swo/incident-response/squadcast-typescript-typescript-code-samples
                labelOverride:
                    fixedValue: Typescript (SDK)
                blocking: false
            testing:
                enabled: false
