speakeasyVersion: 1.631.0
sources:
    Squadcast:
        sourceNamespace: squadcast
        sourceRevisionDigest: sha256:901647a19a687b3594bde56a981ff26a337965ca9918b36ac78fd716355cab02
        sourceBlobDigest: sha256:5a50b3aec083f0a65403f3e55c90a8e1c2f819ebaa230371fb4b22387efac05a
        tags:
            - latest
            - speakeasy-sdk-regen-1758948343
            - 1.0.0
targets:
    squadcast-sdk:
        source: Squadcast
        sourceNamespace: squadcast
        sourceRevisionDigest: sha256:901647a19a687b3594bde56a981ff26a337965ca9918b36ac78fd716355cab02
        sourceBlobDigest: sha256:5a50b3aec083f0a65403f3e55c90a8e1c2f819ebaa230371fb4b22387efac05a
        codeSamplesNamespace: squadcast-typescript-typescript-code-samples
        codeSamplesRevisionDigest: sha256:09036a6c7b196052dfb718aa634cfcb0439a7015b1b12c69306a2e1b3c8a69a4
workflow:
    workflowVersion: 1.0.0
    speakeasyVersion: latest
    sources:
        Squadcast:
            inputs:
                - location: https://raw.githubusercontent.com/solarwinds-cloud/sq-squadcast-public-api-docs/main/build/openapi3/openapi.json
                  authHeader: Authorization
                  authSecret: $openapi_doc_auth_token
            overlays:
                - location: .speakeasy/overlay.openapi.yaml
            output: .speakeasy/out.openapi.yaml
            registry:
                location: registry.speakeasyapi.dev/swo/incident-response/squadcast
    targets:
        squadcast-sdk:
            target: typescript
            source: Squadcast
            output: squadcastv1
            publish:
                npm:
                    token: $npm_token
            codeSamples:
                registry:
                    location: registry.speakeasyapi.dev/swo/incident-response/squadcast-typescript-typescript-code-samples
                labelOverride:
                    fixedValue: Typescript (SDK)
                blocking: false
            testing:
                enabled: false
