speakeasyVersion: 1.701.0
sources:
    Squadcast:
        sourceNamespace: squadcast
        sourceRevisionDigest: sha256:7172cd93b908ce19e0ec801a6e17fbf3fe5ff867289c4a6acbdf696b319557b3
        sourceBlobDigest: sha256:b5489589ac59d93af673b1dc76e819f137b6e5da56fae957cc09c90e57a6e8b8
        tags:
            - latest
            - speakeasy-sdk-regen-1765413263
            - 1.0.0
targets:
    squadcast-sdk:
        source: Squadcast
        sourceNamespace: squadcast
        sourceRevisionDigest: sha256:7172cd93b908ce19e0ec801a6e17fbf3fe5ff867289c4a6acbdf696b319557b3
        sourceBlobDigest: sha256:b5489589ac59d93af673b1dc76e819f137b6e5da56fae957cc09c90e57a6e8b8
        codeSamplesNamespace: squadcast-typescript-typescript-code-samples
        codeSamplesRevisionDigest: sha256:4ea39eb9b987aed90e8108d52dcab40ff4213af87fe3f391676c5e460bd200b7
workflow:
    workflowVersion: 1.0.0
    speakeasyVersion: latest
    sources:
        Squadcast:
            inputs:
                - location: https://raw.githubusercontent.com/solarwinds-cloud/sq-squadcast-public-api-docs/main/build/openapi3/openapi.json
                  authHeader: Authorization
                  authSecret: $openapi_doc_auth_token
            overlays:
                - location: .speakeasy/overlay.openapi.yaml
            output: .speakeasy/out.openapi.yaml
            registry:
                location: registry.speakeasyapi.dev/swo/incident-response/squadcast
    targets:
        squadcast-sdk:
            target: typescript
            source: Squadcast
            output: squadcastv1
            publish:
                npm:
                    token: $npm_token
            codeSamples:
                registry:
                    location: registry.speakeasyapi.dev/swo/incident-response/squadcast-typescript-typescript-code-samples
                labelOverride:
                    fixedValue: Typescript (SDK)
                blocking: false
            testing:
                enabled: false
